
Microsoft Visual Studio Solution File, Format Version 12.00
# Visual Studio Version 17
VisualStudioVersion = 17.6.33723.286
MinimumVisualStudioVersion = 10.0.40219.1
Project("{9A19103F-16F7-4668-BE54-9A1E7A4F7556}") = "EmplyeeProject", "Emplyee\EmplyeeProject.csproj", "{00A45AC1-72BA-4A99-BBB8-F4E8AC728767}"
EndProject
Global
	GlobalSection(SolutionConfigurationPlatforms) = preSolution
		Debug|Any CPU = Debug|Any CPU
		Release|Any CPU = Release|Any CPU
	EndGlobalSection
	GlobalSection(ProjectConfigurationPlatforms) = postSolution
		{00A45AC1-72BA-4A99-BBB8-F4E8AC728767}.Debug|Any CPU.ActiveCfg = Debug|Any CPU
		{00A45AC1-72BA-4A99-BBB8-F4E8AC728767}.Debug|Any CPU.Build.0 = Debug|Any CPU
		{00A45AC1-72BA-4A99-BBB8-F4E8AC728767}.Release|Any CPU.ActiveCfg = Release|Any CPU
		{00A45AC1-72BA-4A99-BBB8-F4E8AC728767}.Release|Any CPU.Build.0 = Release|Any CPU
	EndGlobalSection
	GlobalSection(SolutionProperties) = preSolution
		HideSolutionNode = FALSE
	EndGlobalSection
	GlobalSection(ExtensibilityGlobals) = postSolution
		SolutionGuid = {F6BD7FA5-1100-4C73-A5B8-9ED365869809}
	EndGlobalSection
EndGlobal
